
Microsoft Visual Studio Solution File, Format Version 12.00
# Visual Studio 15
VisualStudioVersion = 15.0.27703.2026
MinimumVisualStudioVersion = 10.0.40219.1
Project("{FAE04EC0-301F-11D3-BF4B-00C04F79EFBC}") = "NHapiParserBasicMessageValidationDemo", "NHapiParserBasicMessageValidationDemo\NHapiParserBasicMessageValidationDemo.csproj", "{7C26E80B-8408-4B9E-AAD1-EF5A6B8B3B76}"
EndProject
Global
	GlobalSection(SolutionConfigurationPlatforms) = preSolution
		Debug|Any CPU = Debug|Any CPU
		Release|Any CPU = Release|Any CPU
	EndGlobalSection
	GlobalSection(ProjectConfigurationPlatforms) = postSolution
		{7C26E80B-8408-4B9E-AAD1-EF5A6B8B3B76}.Debug|Any CPU.ActiveCfg = Debug|Any CPU
		{7C26E80B-8408-4B9E-AAD1-EF5A6B8B3B76}.Debug|Any CPU.Build.0 = Debug|Any CPU
		{7C26E80B-8408-4B9E-AAD1-EF5A6B8B3B76}.Release|Any CPU.ActiveCfg = Release|Any CPU
		{7C26E80B-8408-4B9E-AAD1-EF5A6B8B3B76}.Release|Any CPU.Build.0 = Release|Any CPU
	EndGlobalSection
	GlobalSection(SolutionProperties) = preSolution
		HideSolutionNode = FALSE
	EndGlobalSection
	GlobalSection(ExtensibilityGlobals) = postSolution
		SolutionGuid = {7039B881-1F7B-4E5B-ACFE-9EE8666C0BB7}
	EndGlobalSection
EndGlobal
